
Microsoft Visual Studio Solution File, Format Version 12.00
# Visual Studio 15
VisualStudioVersion = 15.0.28010.2046
MinimumVisualStudioVersion = 10.0.40219.1
Project("{9A19103F-16F7-4668-BE54-9A1E7A4F7556}") = "Api.Domain", "Api.Domain\Api.Domain.csproj", "{4A4BF9C6-16F5-4DC9-99D6-FE614BCA7B14}"
EndProject
Project("{9A19103F-16F7-4668-BE54-9A1E7A4F7556}") = "Api.Web", "Api.Web\Api.Web.csproj", "{E473B356-076C-4375-BE65-70E4216EA681}"
EndProject
Project("{9A19103F-16F7-4668-BE54-9A1E7A4F7556}") = "Db.Contracts", "Db.Contracts\Db.Contracts.csproj", "{892D824B-EA38-4ADA-A4F3-B9B50F758B2D}"
EndProject
Project("{2150E333-8FDC-42A3-9474-1A3956D46DE8}") = "Api", "Api", "{438872F6-05EE-4DA7-BD3A-755060874535}"
EndProject
Global
	GlobalSection(SolutionConfigurationPlatforms) = preSolution
		Debug|Any CPU = Debug|Any CPU
		Release|Any CPU = Release|Any CPU
	EndGlobalSection
	GlobalSection(ProjectConfigurationPlatforms) = postSolution
		{4A4BF9C6-16F5-4DC9-99D6-FE614BCA7B14}.Debug|Any CPU.ActiveCfg = Debug|Any CPU
		{4A4BF9C6-16F5-4DC9-99D6-FE614BCA7B14}.Debug|Any CPU.Build.0 = Debug|Any CPU
		{4A4BF9C6-16F5-4DC9-99D6-FE614BCA7B14}.Release|Any CPU.ActiveCfg = Release|Any CPU
		{4A4BF9C6-16F5-4DC9-99D6-FE614BCA7B14}.Release|Any CPU.Build.0 = Release|Any CPU
		{E473B356-076C-4375-BE65-70E4216EA681}.Debug|Any CPU.ActiveCfg = Debug|Any CPU
		{E473B356-076C-4375-BE65-70E4216EA681}.Debug|Any CPU.Build.0 = Debug|Any CPU
		{E473B356-076C-4375-BE65-70E4216EA681}.Release|Any CPU.ActiveCfg = Release|Any CPU
		{E473B356-076C-4375-BE65-70E4216EA681}.Release|Any CPU.Build.0 = Release|Any CPU
		{892D824B-EA38-4ADA-A4F3-B9B50F758B2D}.Debug|Any CPU.ActiveCfg = Debug|Any CPU
		{892D824B-EA38-4ADA-A4F3-B9B50F758B2D}.Debug|Any CPU.Build.0 = Debug|Any CPU
		{892D824B-EA38-4ADA-A4F3-B9B50F758B2D}.Release|Any CPU.ActiveCfg = Release|Any CPU
		{892D824B-EA38-4ADA-A4F3-B9B50F758B2D}.Release|Any CPU.Build.0 = Release|Any CPU
	EndGlobalSection
	GlobalSection(SolutionProperties) = preSolution
		HideSolutionNode = FALSE
	EndGlobalSection
	GlobalSection(NestedProjects) = preSolution
		{4A4BF9C6-16F5-4DC9-99D6-FE614BCA7B14} = {438872F6-05EE-4DA7-BD3A-755060874535}
		{E473B356-076C-4375-BE65-70E4216EA681} = {438872F6-05EE-4DA7-BD3A-755060874535}
		{892D824B-EA38-4ADA-A4F3-B9B50F758B2D} = {438872F6-05EE-4DA7-BD3A-755060874535}
	EndGlobalSection
	GlobalSection(ExtensibilityGlobals) = postSolution
		SolutionGuid = {50F40E53-CEE7-4E38-9AE4-7DA2B081E23C}
	EndGlobalSection
EndGlobal
